lockfileVersion: '9.0'

settings:
  autoInstallPeers: true
  excludeLinksFromLockfile: false

importers:

  .:
    dependencies:
      cac:
        specifier: ^6.7.14
        version: 6.7.14
      playwright:
        specifier: ^1.42.1
        version: 1.50.1
      turndown:
        specifier: ^7.1.2
        version: 7.2.0
    devDependencies:
      '@types/node':
        specifier: ^20.11.24
        version: 20.17.24
      '@types/turndown':
        specifier: ^5.0.4
        version: 5.0.5
      typescript:
        specifier: ^5.3.3
        version: 5.7.3

packages:

  '@mixmark-io/domino@2.2.0':
    resolution: {integrity: sha512-Y28PR25bHXUg88kCV7nivXrP2Nj2RueZ3/l/jdx6J9f8J4nsEGcgX0Qe6lt7Pa+J79+kPiJU3LguR6O/6zrLOw==}

  '@types/node@20.17.24':
    resolution: {integrity: sha512-d7fGCyB96w9BnWQrOsJtpyiSaBcAYYr75bnK6ZRjDbql2cGLj/3GsL5OYmLPNq76l7Gf2q4Rv9J2o6h5CrD9sA==}

  '@types/turndown@5.0.5':
    resolution: {integrity: sha512-TL2IgGgc7B5j78rIccBtlYAnkuv8nUQqhQc+DSYV5j9Be9XOcm/SKOVRuA47xAVI3680Tk9B1d8flK2GWT2+4w==}

  cac@6.7.14:
    resolution: {integrity: sha512-b6Ilus+c3RrdDk+JhLKUAQfzzgLEPy6wcXqS7f/xe1EETvsDP6GORG7SFuOs6cID5YkqchW/LXZbX5bc8j7ZcQ==}
    engines: {node: '>=8'}

  fsevents@2.3.2:
    resolution: {integrity: sha1-ilJveLj99GI7cJ4Ll1xSwkwC/Ro=}
    engines: {node: ^8.16.0 || ^10.6.0 || >=11.0.0}
    os: [darwin]

  playwright-core@1.50.1:
    resolution: {integrity: sha512-ra9fsNWayuYumt+NiM069M6OkcRb1FZSK8bgi66AtpFoWkg2+y0bJSNmkFrWhMbEBbVKC/EruAHH3g0zmtwGmQ==}
    engines: {node: '>=18'}
    hasBin: true

  playwright@1.50.1:
    resolution: {integrity: sha512-G8rwsOQJ63XG6BbKj2w5rHeavFjy5zynBA9zsJMMtBoe/Uf757oG12NXz6e6OirF7RCrTVAKFXbLmn1RbL7Qaw==}
    engines: {node: '>=18'}
    hasBin: true

  turndown@7.2.0:
    resolution: {integrity: sha512-eCZGBN4nNNqM9Owkv9HAtWRYfLA4h909E/WGAWWBpmB275ehNhZyk87/Tpvjbp0jjNl9XwCsbe6bm6CqFsgD+A==}

  typescript@5.7.3:
    resolution: {integrity: sha512-84MVSjMEHP+FQRPy3pX9sTVV/INIex71s9TL2Gm5FG/WG1SqXeKyZ0k7/blY/4FdOzI12CBy1vGc4og/eus0fw==}
    engines: {node: '>=14.17'}
    hasBin: true

  undici-types@6.19.8:
    resolution: {integrity: sha512-ve2KP6f/JnbPBFyobGHuerC9g1FYGn/F8n1LWTwNxCEzd6IfqTwUQcNXgEtmmQ6DlRrC1hrSrBnCZPokRrDHjw==}

snapshots:

  '@mixmark-io/domino@2.2.0': {}

  '@types/node@20.17.24':
    dependencies:
      undici-types: 6.19.8

  '@types/turndown@5.0.5': {}

  cac@6.7.14: {}

  fsevents@2.3.2:
    optional: true

  playwright-core@1.50.1: {}

  playwright@1.50.1:
    dependencies:
      playwright-core: 1.50.1
    optionalDependencies:
      fsevents: 2.3.2

  turndown@7.2.0:
    dependencies:
      '@mixmark-io/domino': 2.2.0

  typescript@5.7.3: {}

  undici-types@6.19.8: {}
